
Microsoft Visual Studio Solution File, Format Version 12.00
# Visual Studio Version 17
VisualStudioVersion = 17.7.34031.279
MinimumVisualStudioVersion = 10.0.40219.1
Project("{2150E333-8FDC-42A3-9474-1A3956D46DE8}") = "src", "src", "{0ACDB9B2-0168-4C85-A9E3-18A8924EE755}"
EndProject
Project("{2150E333-8FDC-42A3-9474-1A3956D46DE8}") = "ToDoList.WebUI", "ToDoList.WebUI", "{513EC85E-547D-4FB9-929A-089CFD8CC3FF}"
EndProject
Project("{54A90642-561A-4BB1-A94E-469ADEE60C69}") = "reactapp", "ToDoList.WebUI\reactapp\reactapp.esproj", "{F28F478F-E773-4FEE-9954-94D6EA67E2C3}"
EndProject
Project("{9A19103F-16F7-4668-BE54-9A1E7A4F7556}") = "webapi", "ToDoList.WebUI\webapi\webapi.csproj", "{C667A175-2399-4016-AA3A-DCE11885105D}"
EndProject
Project("{2150E333-8FDC-42A3-9474-1A3956D46DE8}") = "ToDoList.Core", "ToDoList.Core", "{DB55B3FD-D14D-47DC-9219-A6F3EC183311}"
EndProject
Project("{2150E333-8FDC-42A3-9474-1A3956D46DE8}") = "ToDoList.Infrastructure", "ToDoList.Infrastructure", "{B17B531E-1571-476F-A513-F34DA0B8BACC}"
EndProject
Project("{9A19103F-16F7-4668-BE54-9A1E7A4F7556}") = "ToDoList.Core.Models", "ToDoList.Core.Models\ToDoList.Core.Models.csproj", "{AF88E50F-DAC9-43BC-AEB2-54A1E477194F}"
EndProject
Project("{9A19103F-16F7-4668-BE54-9A1E7A4F7556}") = "ToDoList.Infrastructure.Data", "ToDoList.Infrastructure.Data\ToDoList.Infrastructure.Data.csproj", "{8357EED3-45CE-4712-9ADB-CF7C71926656}"
EndProject
Project("{9A19103F-16F7-4668-BE54-9A1E7A4F7556}") = "ToDoList.Infrastructure.Mediator", "ToDoList.Infrastructure.Mediator\ToDoList.Infrastructure.Mediator.csproj", "{A5941362-2192-4A81-94DC-64C315BD7531}"
EndProject
Project("{9A19103F-16F7-4668-BE54-9A1E7A4F7556}") = "ToDoList.Core.RepositoryInterfaces", "ToDoList.Core.RepositoryInterfaces\ToDoList.Core.RepositoryInterfaces.csproj", "{376FF0EE-1D5A-4FAF-976B-1412D264B071}"
EndProject
Project("{9A19103F-16F7-4668-BE54-9A1E7A4F7556}") = "ToDoList.Infrastructure.Repositories", "ToDoList.Infrastructure.Repositories\ToDoList.Infrastructure.Repositories.csproj", "{3E2ACABC-BA5B-4BCB-B3B0-EFE2E341C9AD}"
EndProject
Project("{9A19103F-16F7-4668-BE54-9A1E7A4F7556}") = "ToDoList.Infrastructure.Auth", "ToDoList.Infrastructure.Auth\ToDoList.Infrastructure.Auth.csproj", "{BF420A5F-3146-4CB2-8A49-FCE0470F4AA2}"
EndProject
Project("{9A19103F-16F7-4668-BE54-9A1E7A4F7556}") = "ToDoList.Infrastructure.DTOs", "ToDoList.Infrastructure.DTOs\ToDoList.Infrastructure.DTOs.csproj", "{B7956E2C-678F-4CB5-BF1B-963DC9FC42F6}"
EndProject
Project("{9A19103F-16F7-4668-BE54-9A1E7A4F7556}") = "ToDoList.Core.AuthInterfaces", "ToDoList.Core.AuthInterfaces\ToDoList.Core.AuthInterfaces.csproj", "{AB65E0B2-F5E2-4E77-B272-E4BF61A23B6F}"
EndProject
Project("{9A19103F-16F7-4668-BE54-9A1E7A4F7556}") = "ToDoList.Infrastructure.Exeptions", "ToDoList.Infrastructure.Exeptions\ToDoList.Infrastructure.Exeptions.csproj", "{A4603912-2245-4B5E-B39F-C63F3497B7F1}"
EndProject
Project("{9A19103F-16F7-4668-BE54-9A1E7A4F7556}") = "ToDoList.Core.ServiceInterfaces", "ToDoList.Core.ServiceInterfaces\ToDoList.Core.ServiceInterfaces.csproj", "{A83D323B-CC16-42A5-A0C3-BA54E8A2064C}"
EndProject
Project("{9A19103F-16F7-4668-BE54-9A1E7A4F7556}") = "ToDoList.Infrastructure.Services", "ToDoList.Infrastructure.Services\ToDoList.Infrastructure.Services.csproj", "{F008BD1D-AA21-48D2-BD4E-4B12B65BB51E}"
EndProject
Project("{2150E333-8FDC-42A3-9474-1A3956D46DE8}") = "tests", "tests", "{0B287507-00CD-4DAA-A51E-1475F7EFCC8F}"
EndProject
Project("{FAE04EC0-301F-11D3-BF4B-00C04F79EFBC}") = "ToDoList.Tests.QueriesTests", "ToDoList.Tests.QueriesTests\ToDoList.Tests.QueriesTests.csproj", "{AD91503D-E4E6-488E-9686-9807E3DA4247}"
EndProject
Project("{FAE04EC0-301F-11D3-BF4B-00C04F79EFBC}") = "ToDoList.Tests.CommandsTests", "ToDoList.Tests.CommandsTests\ToDoList.Tests.CommandsTests.csproj", "{72512FF9-DDB0-4F1B-B5A1-30C85FE3BB00}"
EndProject
Global
	GlobalSection(SolutionConfigurationPlatforms) = preSolution
		Debug|Any CPU = Debug|Any CPU
		Release|Any CPU = Release|Any CPU
	EndGlobalSection
	GlobalSection(ProjectConfigurationPlatforms) = postSolution
		{F28F478F-E773-4FEE-9954-94D6EA67E2C3}.Debug|Any CPU.ActiveCfg = Debug|Any CPU
		{F28F478F-E773-4FEE-9954-94D6EA67E2C3}.Debug|Any CPU.Build.0 = Debug|Any CPU
		{F28F478F-E773-4FEE-9954-94D6EA67E2C3}.Debug|Any CPU.Deploy.0 = Debug|Any CPU
		{F28F478F-E773-4FEE-9954-94D6EA67E2C3}.Release|Any CPU.ActiveCfg = Release|Any CPU
		{F28F478F-E773-4FEE-9954-94D6EA67E2C3}.Release|Any CPU.Build.0 = Release|Any CPU
		{F28F478F-E773-4FEE-9954-94D6EA67E2C3}.Release|Any CPU.Deploy.0 = Release|Any CPU
		{C667A175-2399-4016-AA3A-DCE11885105D}.Debug|Any CPU.ActiveCfg = Debug|Any CPU
		{C667A175-2399-4016-AA3A-DCE11885105D}.Debug|Any CPU.Build.0 = Debug|Any CPU
		{C667A175-2399-4016-AA3A-DCE11885105D}.Release|Any CPU.ActiveCfg = Release|Any CPU
		{C667A175-2399-4016-AA3A-DCE11885105D}.Release|Any CPU.Build.0 = Release|Any CPU
		{AF88E50F-DAC9-43BC-AEB2-54A1E477194F}.Debug|Any CPU.ActiveCfg = Debug|Any CPU
		{AF88E50F-DAC9-43BC-AEB2-54A1E477194F}.Debug|Any CPU.Build.0 = Debug|Any CPU
		{AF88E50F-DAC9-43BC-AEB2-54A1E477194F}.Release|Any CPU.ActiveCfg = Release|Any CPU
		{AF88E50F-DAC9-43BC-AEB2-54A1E477194F}.Release|Any CPU.Build.0 = Release|Any CPU
		{8357EED3-45CE-4712-9ADB-CF7C71926656}.Debug|Any CPU.ActiveCfg = Debug|Any CPU
		{8357EED3-45CE-4712-9ADB-CF7C71926656}.Debug|Any CPU.Build.0 = Debug|Any CPU
		{8357EED3-45CE-4712-9ADB-CF7C71926656}.Release|Any CPU.ActiveCfg = Release|Any CPU
		{8357EED3-45CE-4712-9ADB-CF7C71926656}.Release|Any CPU.Build.0 = Release|Any CPU
		{A5941362-2192-4A81-94DC-64C315BD7531}.Debug|Any CPU.ActiveCfg = Debug|Any CPU
		{A5941362-2192-4A81-94DC-64C315BD7531}.Debug|Any CPU.Build.0 = Debug|Any CPU
		{A5941362-2192-4A81-94DC-64C315BD7531}.Release|Any CPU.ActiveCfg = Release|Any CPU
		{A5941362-2192-4A81-94DC-64C315BD7531}.Release|Any CPU.Build.0 = Release|Any CPU
		{376FF0EE-1D5A-4FAF-976B-1412D264B071}.Debug|Any CPU.ActiveCfg = Debug|Any CPU
		{376FF0EE-1D5A-4FAF-976B-1412D264B071}.Debug|Any CPU.Build.0 = Debug|Any CPU
		{376FF0EE-1D5A-4FAF-976B-1412D264B071}.Release|Any CPU.ActiveCfg = Release|Any CPU
		{376FF0EE-1D5A-4FAF-976B-1412D264B071}.Release|Any CPU.Build.0 = Release|Any CPU
		{3E2ACABC-BA5B-4BCB-B3B0-EFE2E341C9AD}.Debug|Any CPU.ActiveCfg = Debug|Any CPU
		{3E2ACABC-BA5B-4BCB-B3B0-EFE2E341C9AD}.Debug|Any CPU.Build.0 = Debug|Any CPU
		{3E2ACABC-BA5B-4BCB-B3B0-EFE2E341C9AD}.Release|Any CPU.ActiveCfg = Release|Any CPU
		{3E2ACABC-BA5B-4BCB-B3B0-EFE2E341C9AD}.Release|Any CPU.Build.0 = Release|Any CPU
		{BF420A5F-3146-4CB2-8A49-FCE0470F4AA2}.Debug|Any CPU.ActiveCfg = Debug|Any CPU
		{BF420A5F-3146-4CB2-8A49-FCE0470F4AA2}.Debug|Any CPU.Build.0 = Debug|Any CPU
		{BF420A5F-3146-4CB2-8A49-FCE0470F4AA2}.Release|Any CPU.ActiveCfg = Release|Any CPU
		{BF420A5F-3146-4CB2-8A49-FCE0470F4AA2}.Release|Any CPU.Build.0 = Release|Any CPU
		{B7956E2C-678F-4CB5-BF1B-963DC9FC42F6}.Debug|Any CPU.ActiveCfg = Debug|Any CPU
		{B7956E2C-678F-4CB5-BF1B-963DC9FC42F6}.Debug|Any CPU.Build.0 = Debug|Any CPU
		{B7956E2C-678F-4CB5-BF1B-963DC9FC42F6}.Release|Any CPU.ActiveCfg = Release|Any CPU
		{B7956E2C-678F-4CB5-BF1B-963DC9FC42F6}.Release|Any CPU.Build.0 = Release|Any CPU
		{AB65E0B2-F5E2-4E77-B272-E4BF61A23B6F}.Debug|Any CPU.ActiveCfg = Debug|Any CPU
		{AB65E0B2-F5E2-4E77-B272-E4BF61A23B6F}.Debug|Any CPU.Build.0 = Debug|Any CPU
		{AB65E0B2-F5E2-4E77-B272-E4BF61A23B6F}.Release|Any CPU.ActiveCfg = Release|Any CPU
		{AB65E0B2-F5E2-4E77-B272-E4BF61A23B6F}.Release|Any CPU.Build.0 = Release|Any CPU
		{A4603912-2245-4B5E-B39F-C63F3497B7F1}.Debug|Any CPU.ActiveCfg = Debug|Any CPU
		{A4603912-2245-4B5E-B39F-C63F3497B7F1}.Debug|Any CPU.Build.0 = Debug|Any CPU
		{A4603912-2245-4B5E-B39F-C63F3497B7F1}.Release|Any CPU.ActiveCfg = Release|Any CPU
		{A4603912-2245-4B5E-B39F-C63F3497B7F1}.Release|Any CPU.Build.0 = Release|Any CPU
		{A83D323B-CC16-42A5-A0C3-BA54E8A2064C}.Debug|Any CPU.ActiveCfg = Debug|Any CPU
		{A83D323B-CC16-42A5-A0C3-BA54E8A2064C}.Debug|Any CPU.Build.0 = Debug|Any CPU
		{A83D323B-CC16-42A5-A0C3-BA54E8A2064C}.Release|Any CPU.ActiveCfg = Release|Any CPU
		{A83D323B-CC16-42A5-A0C3-BA54E8A2064C}.Release|Any CPU.Build.0 = Release|Any CPU
		{F008BD1D-AA21-48D2-BD4E-4B12B65BB51E}.Debug|Any CPU.ActiveCfg = Debug|Any CPU
		{F008BD1D-AA21-48D2-BD4E-4B12B65BB51E}.Debug|Any CPU.Build.0 = Debug|Any CPU
		{F008BD1D-AA21-48D2-BD4E-4B12B65BB51E}.Release|Any CPU.ActiveCfg = Release|Any CPU
		{F008BD1D-AA21-48D2-BD4E-4B12B65BB51E}.Release|Any CPU.Build.0 = Release|Any CPU
		{AD91503D-E4E6-488E-9686-9807E3DA4247}.Debug|Any CPU.ActiveCfg = Debug|Any CPU
		{AD91503D-E4E6-488E-9686-9807E3DA4247}.Debug|Any CPU.Build.0 = Debug|Any CPU
		{AD91503D-E4E6-488E-9686-9807E3DA4247}.Release|Any CPU.ActiveCfg = Release|Any CPU
		{AD91503D-E4E6-488E-9686-9807E3DA4247}.Release|Any CPU.Build.0 = Release|Any CPU
		{72512FF9-DDB0-4F1B-B5A1-30C85FE3BB00}.Debug|Any CPU.ActiveCfg = Debug|Any CPU
		{72512FF9-DDB0-4F1B-B5A1-30C85FE3BB00}.Debug|Any CPU.Build.0 = Debug|Any CPU
		{72512FF9-DDB0-4F1B-B5A1-30C85FE3BB00}.Release|Any CPU.ActiveCfg = Release|Any CPU
		{72512FF9-DDB0-4F1B-B5A1-30C85FE3BB00}.Release|Any CPU.Build.0 = Release|Any CPU
	EndGlobalSection
	GlobalSection(SolutionProperties) = preSolution
		HideSolutionNode = FALSE
	EndGlobalSection
	GlobalSection(NestedProjects) = preSolution
		{513EC85E-547D-4FB9-929A-089CFD8CC3FF} = {0ACDB9B2-0168-4C85-A9E3-18A8924EE755}
		{F28F478F-E773-4FEE-9954-94D6EA67E2C3} = {513EC85E-547D-4FB9-929A-089CFD8CC3FF}
		{C667A175-2399-4016-AA3A-DCE11885105D} = {513EC85E-547D-4FB9-929A-089CFD8CC3FF}
		{DB55B3FD-D14D-47DC-9219-A6F3EC183311} = {0ACDB9B2-0168-4C85-A9E3-18A8924EE755}
		{B17B531E-1571-476F-A513-F34DA0B8BACC} = {0ACDB9B2-0168-4C85-A9E3-18A8924EE755}
		{AF88E50F-DAC9-43BC-AEB2-54A1E477194F} = {DB55B3FD-D14D-47DC-9219-A6F3EC183311}
		{8357EED3-45CE-4712-9ADB-CF7C71926656} = {B17B531E-1571-476F-A513-F34DA0B8BACC}
		{A5941362-2192-4A81-94DC-64C315BD7531} = {B17B531E-1571-476F-A513-F34DA0B8BACC}
		{376FF0EE-1D5A-4FAF-976B-1412D264B071} = {DB55B3FD-D14D-47DC-9219-A6F3EC183311}
		{3E2ACABC-BA5B-4BCB-B3B0-EFE2E341C9AD} = {B17B531E-1571-476F-A513-F34DA0B8BACC}
		{BF420A5F-3146-4CB2-8A49-FCE0470F4AA2} = {B17B531E-1571-476F-A513-F34DA0B8BACC}
		{B7956E2C-678F-4CB5-BF1B-963DC9FC42F6} = {B17B531E-1571-476F-A513-F34DA0B8BACC}
		{AB65E0B2-F5E2-4E77-B272-E4BF61A23B6F} = {DB55B3FD-D14D-47DC-9219-A6F3EC183311}
		{A4603912-2245-4B5E-B39F-C63F3497B7F1} = {B17B531E-1571-476F-A513-F34DA0B8BACC}
		{A83D323B-CC16-42A5-A0C3-BA54E8A2064C} = {DB55B3FD-D14D-47DC-9219-A6F3EC183311}
		{F008BD1D-AA21-48D2-BD4E-4B12B65BB51E} = {B17B531E-1571-476F-A513-F34DA0B8BACC}
		{AD91503D-E4E6-488E-9686-9807E3DA4247} = {0B287507-00CD-4DAA-A51E-1475F7EFCC8F}
		{72512FF9-DDB0-4F1B-B5A1-30C85FE3BB00} = {0B287507-00CD-4DAA-A51E-1475F7EFCC8F}
	EndGlobalSection
	GlobalSection(ExtensibilityGlobals) = postSolution
		SolutionGuid = {3FB31B1A-5CF8-4979-8E06-8E00F274C817}
	EndGlobalSection
EndGlobal
